// !$*UTF8*$!
{
	archiveVersion = 1;
	classes = {
	};
	objectVersion = 56;
	objects = {

/* Begin PBXBuildFile section */
		2103763D2C98BA46009B17E1 /* HttpMethod.swift in Sources */ = {isa = PBXBuildFile; fileRef = 2103763C2C98BA46009B17E1 /* HttpMethod.swift */; };
		210376412C98BD44009B17E1 /* HttpError.swift in Sources */ = {isa = PBXBuildFile; fileRef = 210376402C98BD44009B17E1 /* HttpError.swift */; };
  		210376452C98BE6F009B17E1 /* HttpDeserializer.swift in Sources */ = {isa = PBXBuildFile; fileRef = 210376442C98BE6F009B17E1 /* HttpDeserializer.swift */; };
		210376472C98C0AD009B17E1 /* URLSessionProtocol.swift in Sources */ = {isa = PBXBuildFile; fileRef = 210376462C98C0AD009B17E1 /* URLSessionProtocol.swift */; };         
		214E35CB2C95CAF1008E6220 /* AppDelegate.swift in Sources */ = {isa = PBXBuildFile; fileRef = 214E35CA2C95CAF1008E6220 /* AppDelegate.swift */; };
		214E35CD2C95CAF1008E6220 /* SceneDelegate.swift in Sources */ = {isa = PBXBuildFile; fileRef = 214E35CC2C95CAF1008E6220 /* SceneDelegate.swift */; };
		214E35CF2C95CAF1008E6220 /* ViewController.swift in Sources */ = {isa = PBXBuildFile; fileRef = 214E35CE2C95CAF1008E6220 /* ViewController.swift */; };
		214E35D42C95CAF1008E6220 /* Assets.xcassets in Resources */ = {isa = PBXBuildFile; fileRef = 214E35D32C95CAF1008E6220 /* Assets.xcassets */; };
		214E35D72C95CAF1008E6220 /* Base in Resources */ = {isa = PBXBuildFile; fileRef = 214E35D62C95CAF1008E6220 /* Base */; };
		214E35E22C95CAF2008E6220 /* WeatherTests.swift in Sources */ = {isa = PBXBuildFile; fileRef = 214E35E12C95CAF2008E6220 /* WeatherTests.swift */; };
		214E35EC2C95CAF2008E6220 /* WeatherUITests.swift in Sources */ = {isa = PBXBuildFile; fileRef = 214E35EB2C95CAF2008E6220 /* WeatherUITests.swift */; };
		214E35EE2C95CAF2008E6220 /* WeatherUITestsLaunchTests.swift in Sources */ = {isa = PBXBuildFile; fileRef = 214E35ED2C95CAF2008E6220 /* WeatherUITestsLaunchTests.swift */; };
		21936A8A2C95E78400ED09CC /* WelcomeCoordinator.swift in Sources */ = {isa = PBXBuildFile; fileRef = 21936A892C95E78400ED09CC /* WelcomeCoordinator.swift */; };
		21936A8E2C95E7D100ED09CC /* WelcomeViewController.swift in Sources */ = {isa = PBXBuildFile; fileRef = 21936A8D2C95E7D100ED09CC /* WelcomeViewController.swift */; };
		21936A902C95E82F00ED09CC /* WelcomeViewLayout.swift in Sources */ = {isa = PBXBuildFile; fileRef = 21936A8F2C95E82F00ED09CC /* WelcomeViewLayout.swift */; };
		21E1FF412C96CF5700F2C658 /* Coordinator.swift in Sources */ = {isa = PBXBuildFile; fileRef = 21E1FF402C96CF5700F2C658 /* Coordinator.swift */; };
		21E1FF432C96CF8A00F2C658 /* BaseCoordinator.swift in Sources */ = {isa = PBXBuildFile; fileRef = 21E1FF422C96CF8A00F2C658 /* BaseCoordinator.swift */; };
		21E1FF472C96D03800F2C658 /* AppCoordinator.swift in Sources */ = {isa = PBXBuildFile; fileRef = 21E1FF462C96D03800F2C658 /* AppCoordinator.swift */; };
/* End PBXBuildFile section */

/* Begin PBXContainerItemProxy section */
		214E35DE2C95CAF2008E6220 /* PBXContainerItemProxy */ = {
			isa = PBXContainerItemProxy;
			containerPortal = 214E35BF2C95CAF1008E6220 /* Project object */;
			proxyType = 1;
			remoteGlobalIDString = 214E35C62C95CAF1008E6220;
			remoteInfo = Weather;
		};
		214E35E82C95CAF2008E6220 /* PBXContainerItemProxy */ = {
			isa = PBXContainerItemProxy;
			containerPortal = 214E35BF2C95CAF1008E6220 /* Project object */;
			proxyType = 1;
			remoteGlobalIDString = 214E35C62C95CAF1008E6220;
			remoteInfo = Weather;
		};
/* End PBXContainerItemProxy section */

/* Begin PBXFileReference section */
		2103763C2C98BA46009B17E1 /* HttpMethod.swift */ = {isa = PBXFileReference; lastKnownFileType = sourcecode.swift; path = HttpMethod.swift; sourceTree = "<group>"; };
		210376402C98BD44009B17E1 /* HttpError.swift */ = {isa = PBXFileReference; lastKnownFileType = sourcecode.swift; path = HttpError.swift; sourceTree = "<group>"; };
  		210376442C98BE6F009B17E1 /* HttpDeserializer.swift */ = {isa = PBXFileReference; lastKnownFileType = sourcecode.swift; path = HttpDeserializer.swift; sourceTree = "<group>"; };
        210376462C98C0AD009B17E1 /* URLSessionProtocol.swift */ = {isa = PBXFileReference; lastKnownFileType = sourcecode.swift; path = URLSessionProtocol.swift; sourceTree = "<group>"; };
		214E35C72C95CAF1008E6220 /* Weather.app */ = {isa = PBXFileReference; explicitFileType = wrapper.application; includeInIndex = 0; path = Weather.app; sourceTree = BUILT_PRODUCTS_DIR; };
		214E35CA2C95CAF1008E6220 /* AppDelegate.swift */ = {isa = PBXFileReference; lastKnownFileType = sourcecode.swift; path = AppDelegate.swift; sourceTree = "<group>"; };
		214E35CC2C95CAF1008E6220 /* SceneDelegate.swift */ = {isa = PBXFileReference; lastKnownFileType = sourcecode.swift; path = SceneDelegate.swift; sourceTree = "<group>"; };
		214E35CE2C95CAF1008E6220 /* ViewController.swift */ = {isa = PBXFileReference; lastKnownFileType = sourcecode.swift; path = ViewController.swift; sourceTree = "<group>"; };
		214E35D32C95CAF1008E6220 /* Assets.xcassets */ = {isa = PBXFileReference; lastKnownFileType = folder.assetcatalog; path = Assets.xcassets; sourceTree = "<group>"; };
		214E35D62C95CAF1008E6220 /* Base */ = {isa = PBXFileReference; lastKnownFileType = file.storyboard; name = Base; path = Base.lproj/LaunchScreen.storyboard; sourceTree = "<group>"; };
		214E35D82C95CAF1008E6220 /* Info.plist */ = {isa = PBXFileReference; lastKnownFileType = text.plist.xml; path = Info.plist; sourceTree = "<group>"; };
		214E35DD2C95CAF2008E6220 /* WeatherTests.xctest */ = {isa = PBXFileReference; explicitFileType = wrapper.cfbundle; includeInIndex = 0; path = WeatherTests.xctest; sourceTree = BUILT_PRODUCTS_DIR; };
		214E35E12C95CAF2008E6220 /* WeatherTests.swift */ = {isa = PBXFileReference; lastKnownFileType = sourcecode.swift; path = WeatherTests.swift; sourceTree = "<group>"; };
		214E35E72C95CAF2008E6220 /* WeatherUITests.xctest */ = {isa = PBXFileReference; explicitFileType = wrapper.cfbundle; includeInIndex = 0; path = WeatherUITests.xctest; sourceTree = BUILT_PRODUCTS_DIR; };
		214E35EB2C95CAF2008E6220 /* WeatherUITests.swift */ = {isa = PBXFileReference; lastKnownFileType = sourcecode.swift; path = WeatherUITests.swift; sourceTree = "<group>"; };
		214E35ED2C95CAF2008E6220 /* WeatherUITestsLaunchTests.swift */ = {isa = PBXFileReference; lastKnownFileType = sourcecode.swift; path = WeatherUITestsLaunchTests.swift; sourceTree = "<group>"; };
		21936A892C95E78400ED09CC /* WelcomeCoordinator.swift */ = {isa = PBXFileReference; lastKnownFileType = sourcecode.swift; path = WelcomeCoordinator.swift; sourceTree = "<group>"; };
		21936A8D2C95E7D100ED09CC /* WelcomeViewController.swift */ = {isa = PBXFileReference; lastKnownFileType = sourcecode.swift; path = WelcomeViewController.swift; sourceTree = "<group>"; };
		21936A8F2C95E82F00ED09CC /* WelcomeViewLayout.swift */ = {isa = PBXFileReference; lastKnownFileType = sourcecode.swift; path = WelcomeViewLayout.swift; sourceTree = "<group>"; };
		21E1FF402C96CF5700F2C658 /* Coordinator.swift */ = {isa = PBXFileReference; lastKnownFileType = sourcecode.swift; path = Coordinator.swift; sourceTree = "<group>"; };
		21E1FF422C96CF8A00F2C658 /* BaseCoordinator.swift */ = {isa = PBXFileReference; lastKnownFileType = sourcecode.swift; path = BaseCoordinator.swift; sourceTree = "<group>"; };
		21E1FF462C96D03800F2C658 /* AppCoordinator.swift */ = {isa = PBXFileReference; lastKnownFileType = sourcecode.swift; path = AppCoordinator.swift; sourceTree = "<group>"; };
/* End PBXFileReference section */

/* Begin PBXFrameworksBuildPhase section */
		214E35C42C95CAF1008E6220 /* Frameworks */ = {
			isa = PBXFrameworksBuildPhase;
			buildActionMask = 2147483647;
			files = (
			);
			runOnlyForDeploymentPostprocessing = 0;
		};
		214E35DA2C95CAF2008E6220 /* Frameworks */ = {
			isa = PBXFrameworksBuildPhase;
			buildActionMask = 2147483647;
			files = (
			);
			runOnlyForDeploymentPostprocessing = 0;
		};
		214E35E42C95CAF2008E6220 /* Frameworks */ = {
			isa = PBXFrameworksBuildPhase;
			buildActionMask = 2147483647;
			files = (
			);
			runOnlyForDeploymentPostprocessing = 0;
		};
/* End PBXFrameworksBuildPhase section */

/* Begin PBXGroup section */
		210376372C98B9E0009B17E1 /* Networking */ = {
			isa = PBXGroup;
			children = (
				2103763C2C98BA46009B17E1 /* HttpMethod.swift */,
				210376402C98BD44009B17E1 /* HttpError.swift */,
                210376442C98BE6F009B17E1 /* HttpDeserializer.swift */,
				210376462C98C0AD009B17E1 /* URLSessionProtocol.swift */,
			);
			path = Networking;
			sourceTree = "<group>";
		};
		214E35BE2C95CAF1008E6220 = {
			isa = PBXGroup;
			children = (
				214E35C92C95CAF1008E6220 /* Weather */,
				214E35E02C95CAF2008E6220 /* WeatherTests */,
				214E35EA2C95CAF2008E6220 /* WeatherUITests */,
				214E35C82C95CAF1008E6220 /* Products */,
			);
			sourceTree = "<group>";
		};
		214E35C82C95CAF1008E6220 /* Products */ = {
			isa = PBXGroup;
			children = (
				214E35C72C95CAF1008E6220 /* Weather.app */,
				214E35DD2C95CAF2008E6220 /* WeatherTests.xctest */,
				214E35E72C95CAF2008E6220 /* WeatherUITests.xctest */,
			);
			name = Products;
			sourceTree = "<group>";
		};
		214E35C92C95CAF1008E6220 /* Weather */ = {
			isa = PBXGroup;
			children = (
				210376372C98B9E0009B17E1 /* Networking */,
				21936A8B2C95E7B900ED09CC /* Views */,
				21EEC6572C95E61C00432D0B /* Navigation */,
				21E1FF462C96D03800F2C658 /* AppCoordinator.swift */,
				214E35CA2C95CAF1008E6220 /* AppDelegate.swift */,
				214E35CC2C95CAF1008E6220 /* SceneDelegate.swift */,
				214E35CE2C95CAF1008E6220 /* ViewController.swift */,
				214E35D32C95CAF1008E6220 /* Assets.xcassets */,
				214E35D52C95CAF1008E6220 /* LaunchScreen.storyboard */,
				214E35D82C95CAF1008E6220 /* Info.plist */,
			);
			path = Weather;
			sourceTree = "<group>";
		};
		214E35E02C95CAF2008E6220 /* WeatherTests */ = {
			isa = PBXGroup;
			children = (
				214E35E12C95CAF2008E6220 /* WeatherTests.swift */,
			);
			path = WeatherTests;
			sourceTree = "<group>";
		};
		214E35EA2C95CAF2008E6220 /* WeatherUITests */ = {
			isa = PBXGroup;
			children = (
				214E35EB2C95CAF2008E6220 /* WeatherUITests.swift */,
				214E35ED2C95CAF2008E6220 /* WeatherUITestsLaunchTests.swift */,
			);
			path = WeatherUITests;
			sourceTree = "<group>";
		};
		21936A8B2C95E7B900ED09CC /* Views */ = {
			isa = PBXGroup;
			children = (
				21936A8C2C95E7C000ED09CC /* Welcome */,
			);
			path = Views;
			sourceTree = "<group>";
		};
		21936A8C2C95E7C000ED09CC /* Welcome */ = {
			isa = PBXGroup;
			children = (
				21936A8D2C95E7D100ED09CC /* WelcomeViewController.swift */,
				21936A8F2C95E82F00ED09CC /* WelcomeViewLayout.swift */,
			);
			path = Welcome;
			sourceTree = "<group>";
		};
		21E1FF3F2C96CF2400F2C658 /* Base */ = {
			isa = PBXGroup;
			children = (
				21E1FF402C96CF5700F2C658 /* Coordinator.swift */,
				21E1FF422C96CF8A00F2C658 /* BaseCoordinator.swift */,
			);
			path = Base;
			sourceTree = "<group>";
		};
		21EEC6572C95E61C00432D0B /* Navigation */ = {
			isa = PBXGroup;
			children = (
				21E1FF3F2C96CF2400F2C658 /* Base */,
				21EEC6582C95E62E00432D0B /* Welcome */,
			);
			path = Navigation;
			sourceTree = "<group>";
		};
		21EEC6582C95E62E00432D0B /* Welcome */ = {
			isa = PBXGroup;
			children = (
				21936A892C95E78400ED09CC /* WelcomeCoordinator.swift */,
			);
			path = Welcome;
			sourceTree = "<group>";
		};
/* End PBXGroup section */

/* Begin PBXNativeTarget section */
		214E35C62C95CAF1008E6220 /* Weather */ = {
			isa = PBXNativeTarget;
			buildConfigurationList = 214E35F12C95CAF2008E6220 /* Build configuration list for PBXNativeTarget "Weather" */;
			buildPhases = (
				214E35C32C95CAF1008E6220 /* Sources */,
				214E35C42C95CAF1008E6220 /* Frameworks */,
				214E35C52C95CAF1008E6220 /* Resources */,
			);
			buildRules = (
			);
			dependencies = (
			);
			name = Weather;
			productName = Weather;
			productReference = 214E35C72C95CAF1008E6220 /* Weather.app */;
			productType = "com.apple.product-type.application";
		};
		214E35DC2C95CAF2008E6220 /* WeatherTests */ = {
			isa = PBXNativeTarget;
			buildConfigurationList = 214E35F42C95CAF2008E6220 /* Build configuration list for PBXNativeTarget "WeatherTests" */;
			buildPhases = (
				214E35D92C95CAF2008E6220 /* Sources */,
				214E35DA2C95CAF2008E6220 /* Frameworks */,
				214E35DB2C95CAF2008E6220 /* Resources */,
			);
			buildRules = (
			);
			dependencies = (
				214E35DF2C95CAF2008E6220 /* PBXTargetDependency */,
			);
			name = WeatherTests;
			productName = WeatherTests;
			productReference = 214E35DD2C95CAF2008E6220 /* WeatherTests.xctest */;
			productType = "com.apple.product-type.bundle.unit-test";
		};
		214E35E62C95CAF2008E6220 /* WeatherUITests */ = {
			isa = PBXNativeTarget;
			buildConfigurationList = 214E35F72C95CAF2008E6220 /* Build configuration list for PBXNativeTarget "WeatherUITests" */;
			buildPhases = (
				214E35E32C95CAF2008E6220 /* Sources */,
				214E35E42C95CAF2008E6220 /* Frameworks */,
				214E35E52C95CAF2008E6220 /* Resources */,
			);
			buildRules = (
			);
			dependencies = (
				214E35E92C95CAF2008E6220 /* PBXTargetDependency */,
			);
			name = WeatherUITests;
			productName = WeatherUITests;
			productReference = 214E35E72C95CAF2008E6220 /* WeatherUITests.xctest */;
			productType = "com.apple.product-type.bundle.ui-testing";
		};
/* End PBXNativeTarget section */

/* Begin PBXProject section */
		214E35BF2C95CAF1008E6220 /* Project object */ = {
			isa = PBXProject;
			attributes = {
				BuildIndependentTargetsInParallel = 1;
				LastSwiftUpdateCheck = 1540;
				LastUpgradeCheck = 1540;
				TargetAttributes = {
					214E35C62C95CAF1008E6220 = {
						CreatedOnToolsVersion = 15.4;
					};
					214E35DC2C95CAF2008E6220 = {
						CreatedOnToolsVersion = 15.4;
						TestTargetID = 214E35C62C95CAF1008E6220;
					};
					214E35E62C95CAF2008E6220 = {
						CreatedOnToolsVersion = 15.4;
						TestTargetID = 214E35C62C95CAF1008E6220;
					};
				};
			};
			buildConfigurationList = 214E35C22C95CAF1008E6220 /* Build configuration list for PBXProject "Weather" */;
			compatibilityVersion = "Xcode 14.0";
			developmentRegion = en;
			hasScannedForEncodings = 0;
			knownRegions = (
				en,
				Base,
			);
			mainGroup = 214E35BE2C95CAF1008E6220;
			productRefGroup = 214E35C82C95CAF1008E6220 /* Products */;
			projectDirPath = "";
			projectRoot = "";
			targets = (
				214E35C62C95CAF1008E6220 /* Weather */,
				214E35DC2C95CAF2008E6220 /* WeatherTests */,
				214E35E62C95CAF2008E6220 /* WeatherUITests */,
			);
		};
/* End PBXProject section */

/* Begin PBXResourcesBuildPhase section */
		214E35C52C95CAF1008E6220 /* Resources */ = {
			isa = PBXResourcesBuildPhase;
			buildActionMask = 2147483647;
			files = (
				214E35D42C95CAF1008E6220 /* Assets.xcassets in Resources */,
				214E35D72C95CAF1008E6220 /* Base in Resources */,
			);
			runOnlyForDeploymentPostprocessing = 0;
		};
		214E35DB2C95CAF2008E6220 /* Resources */ = {
			isa = PBXResourcesBuildPhase;
			buildActionMask = 2147483647;
			files = (
			);
			runOnlyForDeploymentPostprocessing = 0;
		};
		214E35E52C95CAF2008E6220 /* Resources */ = {
			isa = PBXResourcesBuildPhase;
			buildActionMask = 2147483647;
			files = (
			);
			runOnlyForDeploymentPostprocessing = 0;
		};
/* End PBXResourcesBuildPhase section */

/* Begin PBXSourcesBuildPhase section */
		214E35C32C95CAF1008E6220 /* Sources */ = {
			isa = PBXSourcesBuildPhase;
			buildActionMask = 2147483647;
			files = (
				214E35CF2C95CAF1008E6220 /* ViewController.swift in Sources */,
				210376412C98BD44009B17E1 /* HttpError.swift in Sources */,
				214E35CB2C95CAF1008E6220 /* AppDelegate.swift in Sources */,
				2103763D2C98BA46009B17E1 /* HttpMethod.swift in Sources */,
				21E1FF472C96D03800F2C658 /* AppCoordinator.swift in Sources */,
				210376452C98BE6F009B17E1 /* HttpDeserializer.swift in Sources */,
				214E35CD2C95CAF1008E6220 /* SceneDelegate.swift in Sources */,
				21936A8A2C95E78400ED09CC /* WelcomeCoordinator.swift in Sources */,
				21936A8E2C95E7D100ED09CC /* WelcomeViewController.swift in Sources */,
				210376472C98C0AD009B17E1 /* URLSessionProtocol.swift in Sources */,
				21936A902C95E82F00ED09CC /* WelcomeViewLayout.swift in Sources */,
				21E1FF412C96CF5700F2C658 /* Coordinator.swift in Sources */,
				21E1FF432C96CF8A00F2C658 /* BaseCoordinator.swift in Sources */,
			);
			runOnlyForDeploymentPostprocessing = 0;
		};
		214E35D92C95CAF2008E6220 /* Sources */ = {
			isa = PBXSourcesBuildPhase;
			buildActionMask = 2147483647;
			files = (
				214E35E22C95CAF2008E6220 /* WeatherTests.swift in Sources */,
			);
			runOnlyForDeploymentPostprocessing = 0;
		};
		214E35E32C95CAF2008E6220 /* Sources */ = {
			isa = PBXSourcesBuildPhase;
			buildActionMask = 2147483647;
			files = (
				214E35EC2C95CAF2008E6220 /* WeatherUITests.swift in Sources */,
				214E35EE2C95CAF2008E6220 /* WeatherUITestsLaunchTests.swift in Sources */,
			);
			runOnlyForDeploymentPostprocessing = 0;
		};
/* End PBXSourcesBuildPhase section */

/* Begin PBXTargetDependency section */
		214E35DF2C95CAF2008E6220 /* PBXTargetDependency */ = {
			isa = PBXTargetDependency;
			target = 214E35C62C95CAF1008E6220 /* Weather */;
			targetProxy = 214E35DE2C95CAF2008E6220 /* PBXContainerItemProxy */;
		};
		214E35E92C95CAF2008E6220 /* PBXTargetDependency */ = {
			isa = PBXTargetDependency;
			target = 214E35C62C95CAF1008E6220 /* Weather */;
			targetProxy = 214E35E82C95CAF2008E6220 /* PBXContainerItemProxy */;
		};
/* End PBXTargetDependency section */

/* Begin PBXVariantGroup section */
		214E35D52C95CAF1008E6220 /* LaunchScreen.storyboard */ = {
			isa = PBXVariantGroup;
			children = (
				214E35D62C95CAF1008E6220 /* Base */,
			);
			name = LaunchScreen.storyboard;
			sourceTree = "<group>";
		};
/* End PBXVariantGroup section */

/* Begin XCBuildConfiguration section */
		214E35EF2C95CAF2008E6220 /* Debug */ = {
			isa = XCBuildConfiguration;
			buildSettings = {
				ALWAYS_SEARCH_USER_PATHS = NO;
				ASSETCATALOG_COMPILER_GENERATE_SWIFT_ASSET_SYMBOL_EXTENSIONS = YES;
				CLANG_ANALYZER_NONNULL = YES;
				CLANG_ANALYZER_NUMBER_OBJECT_CONVERSION = YES_AGGRESSIVE;
				CLANG_CXX_LANGUAGE_STANDARD = "gnu++20";
				CLANG_ENABLE_MODULES = YES;
				CLANG_ENABLE_OBJC_ARC = YES;
				CLANG_ENABLE_OBJC_WEAK = YES;
				CLANG_WARN_BLOCK_CAPTURE_AUTORELEASING = YES;
				CLANG_WARN_BOOL_CONVERSION = YES;
				CLANG_WARN_COMMA = YES;
				CLANG_WARN_CONSTANT_CONVERSION = YES;
				CLANG_WARN_DEPRECATED_OBJC_IMPLEMENTATIONS = YES;
				CLANG_WARN_DIRECT_OBJC_ISA_USAGE = YES_ERROR;
				CLANG_WARN_DOCUMENTATION_COMMENTS = YES;
				CLANG_WARN_EMPTY_BODY = YES;
				CLANG_WARN_ENUM_CONVERSION = YES;
				CLANG_WARN_INFINITE_RECURSION = YES;
				CLANG_WARN_INT_CONVERSION = YES;
				CLANG_WARN_NON_LITERAL_NULL_CONVERSION = YES;
				CLANG_WARN_OBJC_IMPLICIT_RETAIN_SELF = YES;
				CLANG_WARN_OBJC_LITERAL_CONVERSION = YES;
				CLANG_WARN_OBJC_ROOT_CLASS = YES_ERROR;
				CLANG_WARN_QUOTED_INCLUDE_IN_FRAMEWORK_HEADER = YES;
				CLANG_WARN_RANGE_LOOP_ANALYSIS = YES;
				CLANG_WARN_STRICT_PROTOTYPES = YES;
				CLANG_WARN_SUSPICIOUS_MOVE = YES;
				CLANG_WARN_UNGUARDED_AVAILABILITY = YES_AGGRESSIVE;
				CLANG_WARN_UNREACHABLE_CODE = YES;
				CLANG_WARN__DUPLICATE_METHOD_MATCH = YES;
				COPY_PHASE_STRIP = NO;
				DEBUG_INFORMATION_FORMAT = dwarf;
				ENABLE_STRICT_OBJC_MSGSEND = YES;
				ENABLE_TESTABILITY = YES;
				ENABLE_USER_SCRIPT_SANDBOXING = YES;
				GCC_C_LANGUAGE_STANDARD = gnu17;
				GCC_DYNAMIC_NO_PIC = NO;
				GCC_NO_COMMON_BLOCKS = YES;
				GCC_OPTIMIZATION_LEVEL = 0;
				GCC_PREPROCESSOR_DEFINITIONS = (
					"DEBUG=1",
					"$(inherited)",
				);
				GCC_WARN_64_TO_32_BIT_CONVERSION = YES;
				GCC_WARN_ABOUT_RETURN_TYPE = YES_ERROR;
				GCC_WARN_UNDECLARED_SELECTOR = YES;
				GCC_WARN_UNINITIALIZED_AUTOS = YES_AGGRESSIVE;
				GCC_WARN_UNUSED_FUNCTION = YES;
				GCC_WARN_UNUSED_VARIABLE = YES;
				IPHONEOS_DEPLOYMENT_TARGET = 13.0;
				LOCALIZATION_PREFERS_STRING_CATALOGS = YES;
				MTL_ENABLE_DEBUG_INFO = INCLUDE_SOURCE;
				MTL_FAST_MATH = YES;
				ONLY_ACTIVE_ARCH = YES;
				SDKROOT = iphoneos;
				SWIFT_ACTIVE_COMPILATION_CONDITIONS = "DEBUG $(inherited)";
				SWIFT_OPTIMIZATION_LEVEL = "-Onone";
			};
			name = Debug;
		};
		214E35F02C95CAF2008E6220 /* Release */ = {
			isa = XCBuildConfiguration;
			buildSettings = {
				ALWAYS_SEARCH_USER_PATHS = NO;
				ASSETCATALOG_COMPILER_GENERATE_SWIFT_ASSET_SYMBOL_EXTENSIONS = YES;
				CLANG_ANALYZER_NONNULL = YES;
				CLANG_ANALYZER_NUMBER_OBJECT_CONVERSION = YES_AGGRESSIVE;
				CLANG_CXX_LANGUAGE_STANDARD = "gnu++20";
				CLANG_ENABLE_MODULES = YES;
				CLANG_ENABLE_OBJC_ARC = YES;
				CLANG_ENABLE_OBJC_WEAK = YES;
				CLANG_WARN_BLOCK_CAPTURE_AUTORELEASING = YES;
				CLANG_WARN_BOOL_CONVERSION = YES;
				CLANG_WARN_COMMA = YES;
				CLANG_WARN_CONSTANT_CONVERSION = YES;
				CLANG_WARN_DEPRECATED_OBJC_IMPLEMENTATIONS = YES;
				CLANG_WARN_DIRECT_OBJC_ISA_USAGE = YES_ERROR;
				CLANG_WARN_DOCUMENTATION_COMMENTS = YES;
				CLANG_WARN_EMPTY_BODY = YES;
				CLANG_WARN_ENUM_CONVERSION = YES;
				CLANG_WARN_INFINITE_RECURSION = YES;
				CLANG_WARN_INT_CONVERSION = YES;
				CLANG_WARN_NON_LITERAL_NULL_CONVERSION = YES;
				CLANG_WARN_OBJC_IMPLICIT_RETAIN_SELF = YES;
				CLANG_WARN_OBJC_LITERAL_CONVERSION = YES;
				CLANG_WARN_OBJC_ROOT_CLASS = YES_ERROR;
				CLANG_WARN_QUOTED_INCLUDE_IN_FRAMEWORK_HEADER = YES;
				CLANG_WARN_RANGE_LOOP_ANALYSIS = YES;
				CLANG_WARN_STRICT_PROTOTYPES = YES;
				CLANG_WARN_SUSPICIOUS_MOVE = YES;
				CLANG_WARN_UNGUARDED_AVAILABILITY = YES_AGGRESSIVE;
				CLANG_WARN_UNREACHABLE_CODE = YES;
				CLANG_WARN__DUPLICATE_METHOD_MATCH = YES;
				COPY_PHASE_STRIP = NO;
				DEBUG_INFORMATION_FORMAT = "dwarf-with-dsym";
				ENABLE_NS_ASSERTIONS = NO;
				ENABLE_STRICT_OBJC_MSGSEND = YES;
				ENABLE_USER_SCRIPT_SANDBOXING = YES;
				GCC_C_LANGUAGE_STANDARD = gnu17;
				GCC_NO_COMMON_BLOCKS = YES;
				GCC_WARN_64_TO_32_BIT_CONVERSION = YES;
				GCC_WARN_ABOUT_RETURN_TYPE = YES_ERROR;
				GCC_WARN_UNDECLARED_SELECTOR = YES;
				GCC_WARN_UNINITIALIZED_AUTOS = YES_AGGRESSIVE;
				GCC_WARN_UNUSED_FUNCTION = YES;
				GCC_WARN_UNUSED_VARIABLE = YES;
				IPHONEOS_DEPLOYMENT_TARGET = 13.0;
				LOCALIZATION_PREFERS_STRING_CATALOGS = YES;
				MTL_ENABLE_DEBUG_INFO = NO;
				MTL_FAST_MATH = YES;
				SDKROOT = iphoneos;
				SWIFT_COMPILATION_MODE = wholemodule;
				VALIDATE_PRODUCT = YES;
			};
			name = Release;
		};
		214E35F22C95CAF2008E6220 /* Debug */ = {
			isa = XCBuildConfiguration;
			buildSettings = {
				ASSETCATALOG_COMPILER_APPICON_NAME = AppIcon;
				ASSETCATALOG_COMPILER_GLOBAL_ACCENT_COLOR_NAME = AccentColor;
				CODE_SIGN_STYLE = Automatic;
				CURRENT_PROJECT_VERSION = 1;
				DEVELOPMENT_TEAM = 472H4G3TC9;
				GENERATE_INFOPLIST_FILE = YES;
				INFOPLIST_FILE = Weather/Info.plist;
				INFOPLIST_KEY_UIApplicationSupportsIndirectInputEvents = YES;
				INFOPLIST_KEY_UILaunchStoryboardName = LaunchScreen;
				INFOPLIST_KEY_UISupportedInterfaceOrientations = "UIInterfaceOrientationLandscapeLeft UIInterfaceOrientationLandscapeRight UIInterfaceOrientationPortrait";
				INFOPLIST_KEY_UISupportedInterfaceOrientations_iPad = "UIInterfaceOrientationLandscapeLeft UIInterfaceOrientationLandscapeRight UIInterfaceOrientationPortrait UIInterfaceOrientationPortraitUpsideDown";
				IPHONEOS_DEPLOYMENT_TARGET = 13.0;
				LD_RUNPATH_SEARCH_PATHS = (
					"$(inherited)",
					"@executable_path/Frameworks",
				);
				MARKETING_VERSION = 1.0;
				PRODUCT_BUNDLE_IDENTIFIER = com.uszynski.mateusz.Weather;
				PRODUCT_NAME = "$(TARGET_NAME)";
				SUPPORTED_PLATFORMS = "iphoneos iphonesimulator";
				SUPPORTS_MACCATALYST = NO;
				SUPPORTS_MAC_DESIGNED_FOR_IPHONE_IPAD = NO;
				SUPPORTS_XR_DESIGNED_FOR_IPHONE_IPAD = NO;
				SWIFT_EMIT_LOC_STRINGS = YES;
				SWIFT_VERSION = 5.0;
				TARGETED_DEVICE_FAMILY = 1;
			};
			name = Debug;
		};
		214E35F32C95CAF2008E6220 /* Release */ = {
			isa = XCBuildConfiguration;
			buildSettings = {
				ASSETCATALOG_COMPILER_APPICON_NAME = AppIcon;
				ASSETCATALOG_COMPILER_GLOBAL_ACCENT_COLOR_NAME = AccentColor;
				CODE_SIGN_STYLE = Automatic;
				CURRENT_PROJECT_VERSION = 1;
				DEVELOPMENT_TEAM = 472H4G3TC9;
				GENERATE_INFOPLIST_FILE = YES;
				INFOPLIST_FILE = Weather/Info.plist;
				INFOPLIST_KEY_UIApplicationSupportsIndirectInputEvents = YES;
				INFOPLIST_KEY_UILaunchStoryboardName = LaunchScreen;
				INFOPLIST_KEY_UISupportedInterfaceOrientations = "UIInterfaceOrientationLandscapeLeft UIInterfaceOrientationLandscapeRight UIInterfaceOrientationPortrait";
				INFOPLIST_KEY_UISupportedInterfaceOrientations_iPad = "UIInterfaceOrientationLandscapeLeft UIInterfaceOrientationLandscapeRight UIInterfaceOrientationPortrait UIInterfaceOrientationPortraitUpsideDown";
				IPHONEOS_DEPLOYMENT_TARGET = 13.0;
				LD_RUNPATH_SEARCH_PATHS = (
					"$(inherited)",
					"@executable_path/Frameworks",
				);
				MARKETING_VERSION = 1.0;
				PRODUCT_BUNDLE_IDENTIFIER = com.uszynski.mateusz.Weather;
				PRODUCT_NAME = "$(TARGET_NAME)";
				SUPPORTED_PLATFORMS = "iphoneos iphonesimulator";
				SUPPORTS_MACCATALYST = NO;
				SUPPORTS_MAC_DESIGNED_FOR_IPHONE_IPAD = NO;
				SUPPORTS_XR_DESIGNED_FOR_IPHONE_IPAD = NO;
				SWIFT_EMIT_LOC_STRINGS = YES;
				SWIFT_VERSION = 5.0;
				TARGETED_DEVICE_FAMILY = 1;
			};
			name = Release;
		};
		214E35F52C95CAF2008E6220 /* Debug */ = {
			isa = XCBuildConfiguration;
			buildSettings = {
				ALWAYS_EMBED_SWIFT_STANDARD_LIBRARIES = YES;
				BUNDLE_LOADER = "$(TEST_HOST)";
				CODE_SIGN_STYLE = Automatic;
				CURRENT_PROJECT_VERSION = 1;
				DEVELOPMENT_TEAM = 472H4G3TC9;
				GENERATE_INFOPLIST_FILE = YES;
				IPHONEOS_DEPLOYMENT_TARGET = 13.0;
				MARKETING_VERSION = 1.0;
				PRODUCT_BUNDLE_IDENTIFIER = com.uszynski.mateusz.WeatherTests;
				PRODUCT_NAME = "$(TARGET_NAME)";
				SUPPORTED_PLATFORMS = "iphoneos iphonesimulator";
				SUPPORTS_MACCATALYST = NO;
				SUPPORTS_MAC_DESIGNED_FOR_IPHONE_IPAD = NO;
				SUPPORTS_XR_DESIGNED_FOR_IPHONE_IPAD = NO;
				SWIFT_EMIT_LOC_STRINGS = NO;
				SWIFT_VERSION = 5.0;
				TARGETED_DEVICE_FAMILY = 1;
				TEST_HOST = "$(BUILT_PRODUCTS_DIR)/Weather.app/$(BUNDLE_EXECUTABLE_FOLDER_PATH)/Weather";
			};
			name = Debug;
		};
		214E35F62C95CAF2008E6220 /* Release */ = {
			isa = XCBuildConfiguration;
			buildSettings = {
				ALWAYS_EMBED_SWIFT_STANDARD_LIBRARIES = YES;
				BUNDLE_LOADER = "$(TEST_HOST)";
				CODE_SIGN_STYLE = Automatic;
				CURRENT_PROJECT_VERSION = 1;
				DEVELOPMENT_TEAM = 472H4G3TC9;
				GENERATE_INFOPLIST_FILE = YES;
				IPHONEOS_DEPLOYMENT_TARGET = 13.0;
				MARKETING_VERSION = 1.0;
				PRODUCT_BUNDLE_IDENTIFIER = com.uszynski.mateusz.WeatherTests;
				PRODUCT_NAME = "$(TARGET_NAME)";
				SUPPORTED_PLATFORMS = "iphoneos iphonesimulator";
				SUPPORTS_MACCATALYST = NO;
				SUPPORTS_MAC_DESIGNED_FOR_IPHONE_IPAD = NO;
				SUPPORTS_XR_DESIGNED_FOR_IPHONE_IPAD = NO;
				SWIFT_EMIT_LOC_STRINGS = NO;
				SWIFT_VERSION = 5.0;
				TARGETED_DEVICE_FAMILY = 1;
				TEST_HOST = "$(BUILT_PRODUCTS_DIR)/Weather.app/$(BUNDLE_EXECUTABLE_FOLDER_PATH)/Weather";
			};
			name = Release;
		};
		214E35F82C95CAF2008E6220 /* Debug */ = {
			isa = XCBuildConfiguration;
			buildSettings = {
				ALWAYS_EMBED_SWIFT_STANDARD_LIBRARIES = YES;
				CODE_SIGN_STYLE = Automatic;
				CURRENT_PROJECT_VERSION = 1;
				DEVELOPMENT_TEAM = 472H4G3TC9;
				GENERATE_INFOPLIST_FILE = YES;
				IPHONEOS_DEPLOYMENT_TARGET = 13.0;
				MARKETING_VERSION = 1.0;
				PRODUCT_BUNDLE_IDENTIFIER = com.uszynski.mateusz.WeatherUITests;
				PRODUCT_NAME = "$(TARGET_NAME)";
				SUPPORTED_PLATFORMS = "iphoneos iphonesimulator";
				SUPPORTS_MACCATALYST = NO;
				SUPPORTS_MAC_DESIGNED_FOR_IPHONE_IPAD = NO;
				SUPPORTS_XR_DESIGNED_FOR_IPHONE_IPAD = NO;
				SWIFT_EMIT_LOC_STRINGS = NO;
				SWIFT_VERSION = 5.0;
				TARGETED_DEVICE_FAMILY = 1;
				TEST_TARGET_NAME = Weather;
			};
			name = Debug;
		};
		214E35F92C95CAF2008E6220 /* Release */ = {
			isa = XCBuildConfiguration;
			buildSettings = {
				ALWAYS_EMBED_SWIFT_STANDARD_LIBRARIES = YES;
				CODE_SIGN_STYLE = Automatic;
				CURRENT_PROJECT_VERSION = 1;
				DEVELOPMENT_TEAM = 472H4G3TC9;
				GENERATE_INFOPLIST_FILE = YES;
				IPHONEOS_DEPLOYMENT_TARGET = 13.0;
				MARKETING_VERSION = 1.0;
				PRODUCT_BUNDLE_IDENTIFIER = com.uszynski.mateusz.WeatherUITests;
				PRODUCT_NAME = "$(TARGET_NAME)";
				SUPPORTED_PLATFORMS = "iphoneos iphonesimulator";
				SUPPORTS_MACCATALYST = NO;
				SUPPORTS_MAC_DESIGNED_FOR_IPHONE_IPAD = NO;
				SUPPORTS_XR_DESIGNED_FOR_IPHONE_IPAD = NO;
				SWIFT_EMIT_LOC_STRINGS = NO;
				SWIFT_VERSION = 5.0;
				TARGETED_DEVICE_FAMILY = 1;
				TEST_TARGET_NAME = Weather;
			};
			name = Release;
		};
/* End XCBuildConfiguration section */

/* Begin XCConfigurationList section */
		214E35C22C95CAF1008E6220 /* Build configuration list for PBXProject "Weather" */ = {
			isa = XCConfigurationList;
			buildConfigurations = (
				214E35EF2C95CAF2008E6220 /* Debug */,
				214E35F02C95CAF2008E6220 /* Release */,
			);
			defaultConfigurationIsVisible = 0;
			defaultConfigurationName = Release;
		};
		214E35F12C95CAF2008E6220 /* Build configuration list for PBXNativeTarget "Weather" */ = {
			isa = XCConfigurationList;
			buildConfigurations = (
				214E35F22C95CAF2008E6220 /* Debug */,
				214E35F32C95CAF2008E6220 /* Release */,
			);
			defaultConfigurationIsVisible = 0;
			defaultConfigurationName = Release;
		};
		214E35F42C95CAF2008E6220 /* Build configuration list for PBXNativeTarget "WeatherTests" */ = {
			isa = XCConfigurationList;
			buildConfigurations = (
				214E35F52C95CAF2008E6220 /* Debug */,
				214E35F62C95CAF2008E6220 /* Release */,
			);
			defaultConfigurationIsVisible = 0;
			defaultConfigurationName = Release;
		};
		214E35F72C95CAF2008E6220 /* Build configuration list for PBXNativeTarget "WeatherUITests" */ = {
			isa = XCConfigurationList;
			buildConfigurations = (
				214E35F82C95CAF2008E6220 /* Debug */,
				214E35F92C95CAF2008E6220 /* Release */,
			);
			defaultConfigurationIsVisible = 0;
			defaultConfigurationName = Release;
		};
/* End XCConfigurationList section */
	};
	rootObject = 214E35BF2C95CAF1008E6220 /* Project object */;
}
