{
  "originHash" : "09b08963887ce6eac26952e8acb25256a8ec102f2b5528ae68a97fa296723712",
  "pins" : [
    {
      "identity" : "swift-snapshot-testing",
      "kind" : "remoteSourceControl",
      "location" : "https://github.com/pointfreeco/swift-snapshot-testing",
      "state" : {
        "revision" : "7b0bbbae90c41f848f90ac7b4df6c4f50068256d",
        "version" : "1.17.5"
      }
    },
    {
      "identity" : "swift-syntax",
      "kind" : "remoteSourceControl",
      "location" : "https://github.com/swiftlang/swift-syntax",
      "state" : {
        "revision" : "cb53fa1bd3219b0b23ded7dfdd3b2baff266fd25",
        "version" : "600.0.0"
      }
    }
  ],
  "version" : 3
}
